
Microsoft Visual Studio Solution File, Format Version 12.00
# Visual Studio Version 16
VisualStudioVersion = 16.0.29020.237
MinimumVisualStudioVersion = 10.0.40219.1
Project("{FAE04EC0-301F-11D3-BF4B-00C04F79EFBC}") = "MVC_Homework", "MVC_Homework.csproj", "{3A24EB76-1076-4DA6-8DAB-8581999DE74A}"
EndProject
Global
	GlobalSection(SolutionConfigurationPlatforms) = preSolution
		Debug|Any CPU = Debug|Any CPU
		Release|Any CPU = Release|Any CPU
	EndGlobalSection
	GlobalSection(ProjectConfigurationPlatforms) = postSolution
		{3A24EB76-1076-4DA6-8DAB-8581999DE74A}.Debug|Any CPU.ActiveCfg = Debug|Any CPU
		{3A24EB76-1076-4DA6-8DAB-8581999DE74A}.Debug|Any CPU.Build.0 = Debug|Any CPU
		{3A24EB76-1076-4DA6-8DAB-8581999DE74A}.Release|Any CPU.ActiveCfg = Release|Any CPU
		{3A24EB76-1076-4DA6-8DAB-8581999DE74A}.Release|Any CPU.Build.0 = Release|Any CPU
	EndGlobalSection
	GlobalSection(SolutionProperties) = preSolution
		HideSolutionNode = FALSE
	EndGlobalSection
	GlobalSection(ExtensibilityGlobals) = postSolution
		SolutionGuid = {3903CC9A-941D-460F-AE69-A3D1929131CE}
	EndGlobalSection
EndGlobal
